
Microsoft Visual Studio Solution File, Format Version 12.00
# Visual Studio Version 17
VisualStudioVersion = 17.13.35828.75 d17.13
MinimumVisualStudioVersion = 10.0.40219.1
Project("{FAE04EC0-301F-11D3-BF4B-00C04F79EFBC}") = "MinimalApi.EndpointGroups", "MinimalApi.EndpointGroups\MinimalApi.EndpointGroups.csproj", "{37C9F52F-0D5C-4299-BEB6-31FEE68F755D}"
EndProject
Global
	GlobalSection(SolutionConfigurationPlatforms) = preSolution
		Debug|Any CPU = Debug|Any CPU
		Release|Any CPU = Release|Any CPU
	EndGlobalSection
	GlobalSection(ProjectConfigurationPlatforms) = postSolution
		{37C9F52F-0D5C-4299-BEB6-31FEE68F755D}.Debug|Any CPU.ActiveCfg = Debug|Any CPU
		{37C9F52F-0D5C-4299-BEB6-31FEE68F755D}.Debug|Any CPU.Build.0 = Debug|Any CPU
		{37C9F52F-0D5C-4299-BEB6-31FEE68F755D}.Release|Any CPU.ActiveCfg = Release|Any CPU
		{37C9F52F-0D5C-4299-BEB6-31FEE68F755D}.Release|Any CPU.Build.0 = Release|Any CPU
	EndGlobalSection
	GlobalSection(SolutionProperties) = preSolution
		HideSolutionNode = FALSE
	EndGlobalSection
	GlobalSection(ExtensibilityGlobals) = postSolution
		SolutionGuid = {66DA3C11-6CE7-4945-8276-C3EE1E720DC4}
	EndGlobalSection
EndGlobal
